Microsoft Visual Studio Solution File, Format Version 12.00
# Visual Studio Version 17
VisualStudioVersion = 17.5.2.0
MinimumVisualStudioVersion = 10.0.40219.1
Project("{FAE04EC0-301F-11D3-BF4B-00C04F79EFBC}") = "NOX-Backend", "NOX-Backend.csproj", "{8BA4F717-4DD8-95BD-AA6B-45A62B029A6C}"
EndProject
Global
	GlobalSection(SolutionConfigurationPlatforms) = preSolution
		Debug|Any CPU = Debug|Any CPU
		Release|Any CPU = Release|Any CPU
	EndGlobalSection
	GlobalSection(ProjectConfigurationPlatforms) = postSolution
		{8BA4F717-4DD8-95BD-AA6B-45A62B029A6C}.Debug|Any CPU.ActiveCfg = Debug|Any CPU
		{8BA4F717-4DD8-95BD-AA6B-45A62B029A6C}.Debug|Any CPU.Build.0 = Debug|Any CPU
		{8BA4F717-4DD8-95BD-AA6B-45A62B029A6C}.Release|Any CPU.ActiveCfg = Release|Any CPU
		{8BA4F717-4DD8-95BD-AA6B-45A62B029A6C}.Release|Any CPU.Build.0 = Release|Any CPU
	EndGlobalSection
	GlobalSection(SolutionProperties) = preSolution
		HideSolutionNode = FALSE
	EndGlobalSection
	GlobalSection(ExtensibilityGlobals) = postSolution
		SolutionGuid = {D2225B49-468C-43F0-ABCF-F6C702A3AC31}
	EndGlobalSection
EndGlobal
